
Microsoft Visual Studio Solution File, Format Version 12.00
# TcXaeShell Solution File, Format Version 11.00
VisualStudioVersion = 15.0.28010.2050
MinimumVisualStudioVersion = 10.0.40219.1
Project("{B1E792BE-AA5F-4E3C-8C82-674BF9C0715B}") = "lcls-plc-crix-vac", "lcls-plc-crix-vac.tsproj", "{90FC0816-E2E5-457E-95DE-FE6F10247F95}"
EndProject
Global
	GlobalSection(SolutionConfigurationPlatforms) = preSolution
		Debug|TwinCAT CE7 (ARMV7) = Debug|TwinCAT CE7 (ARMV7)
		Debug|TwinCAT OS (ARMT2) = Debug|TwinCAT OS (ARMT2)
		Debug|TwinCAT RT (x64) = Debug|TwinCAT RT (x64)
		Debug|TwinCAT RT (x86) = Debug|TwinCAT RT (x86)
		Release|TwinCAT CE7 (ARMV7) = Release|TwinCAT CE7 (ARMV7)
		Release|TwinCAT OS (ARMT2) = Release|TwinCAT OS (ARMT2)
		Release|TwinCAT RT (x64) = Release|TwinCAT RT (x64)
		Release|TwinCAT RT (x86) = Release|TwinCAT RT (x86)
	EndGlobalSection
	GlobalSection(ProjectConfigurationPlatforms) = postSolution
		{90FC0816-E2E5-457E-95DE-FE6F10247F95}.Debug|TwinCAT CE7 (ARMV7).ActiveCfg = Debug|TwinCAT CE7 (ARMV7)
		{90FC0816-E2E5-457E-95DE-FE6F10247F95}.Debug|TwinCAT CE7 (ARMV7).Build.0 = Debug|TwinCAT CE7 (ARMV7)
		{90FC0816-E2E5-457E-95DE-FE6F10247F95}.Debug|TwinCAT OS (ARMT2).ActiveCfg = Debug|TwinCAT OS (ARMT2)
		{90FC0816-E2E5-457E-95DE-FE6F10247F95}.Debug|TwinCAT OS (ARMT2).Build.0 = Debug|TwinCAT OS (ARMT2)
		{90FC0816-E2E5-457E-95DE-FE6F10247F95}.Debug|TwinCAT RT (x64).ActiveCfg = Debug|TwinCAT RT (x64)
		{90FC0816-E2E5-457E-95DE-FE6F10247F95}.Debug|TwinCAT RT (x64).Build.0 = Debug|TwinCAT RT (x64)
		{90FC0816-E2E5-457E-95DE-FE6F10247F95}.Debug|TwinCAT RT (x86).ActiveCfg = Debug|TwinCAT RT (x86)
		{90FC0816-E2E5-457E-95DE-FE6F10247F95}.Debug|TwinCAT RT (x86).Build.0 = Debug|TwinCAT RT (x86)
		{90FC0816-E2E5-457E-95DE-FE6F10247F95}.Release|TwinCAT CE7 (ARMV7).ActiveCfg = Release|TwinCAT CE7 (ARMV7)
		{90FC0816-E2E5-457E-95DE-FE6F10247F95}.Release|TwinCAT CE7 (ARMV7).Build.0 = Release|TwinCAT CE7 (ARMV7)
		{90FC0816-E2E5-457E-95DE-FE6F10247F95}.Release|TwinCAT OS (ARMT2).ActiveCfg = Release|TwinCAT OS (ARMT2)
		{90FC0816-E2E5-457E-95DE-FE6F10247F95}.Release|TwinCAT OS (ARMT2).Build.0 = Release|TwinCAT OS (ARMT2)
		{90FC0816-E2E5-457E-95DE-FE6F10247F95}.Release|TwinCAT RT (x64).ActiveCfg = Release|TwinCAT RT (x64)
		{90FC0816-E2E5-457E-95DE-FE6F10247F95}.Release|TwinCAT RT (x64).Build.0 = Release|TwinCAT RT (x64)
		{90FC0816-E2E5-457E-95DE-FE6F10247F95}.Release|TwinCAT RT (x86).ActiveCfg = Release|TwinCAT RT (x86)
		{90FC0816-E2E5-457E-95DE-FE6F10247F95}.Release|TwinCAT RT (x86).Build.0 = Release|TwinCAT RT (x86)
		{97B8D32E-44EF-4B51-9BAC-B7361D049CCB}.Debug|TwinCAT CE7 (ARMV7).ActiveCfg = Debug|TwinCAT CE7 (ARMV7)
		{97B8D32E-44EF-4B51-9BAC-B7361D049CCB}.Debug|TwinCAT CE7 (ARMV7).Build.0 = Debug|TwinCAT CE7 (ARMV7)
		{97B8D32E-44EF-4B51-9BAC-B7361D049CCB}.Debug|TwinCAT OS (ARMT2).ActiveCfg = Debug|TwinCAT OS (ARMT2)
		{97B8D32E-44EF-4B51-9BAC-B7361D049CCB}.Debug|TwinCAT OS (ARMT2).Build.0 = Debug|TwinCAT OS (ARMT2)
		{97B8D32E-44EF-4B51-9BAC-B7361D049CCB}.Debug|TwinCAT RT (x64).ActiveCfg = Debug|TwinCAT RT (x64)
		{97B8D32E-44EF-4B51-9BAC-B7361D049CCB}.Debug|TwinCAT RT (x64).Build.0 = Debug|TwinCAT RT (x64)
		{97B8D32E-44EF-4B51-9BAC-B7361D049CCB}.Debug|TwinCAT RT (x86).ActiveCfg = Debug|TwinCAT RT (x86)
		{97B8D32E-44EF-4B51-9BAC-B7361D049CCB}.Debug|TwinCAT RT (x86).Build.0 = Debug|TwinCAT RT (x86)
		{97B8D32E-44EF-4B51-9BAC-B7361D049CCB}.Release|TwinCAT CE7 (ARMV7).ActiveCfg = Release|TwinCAT CE7 (ARMV7)
		{97B8D32E-44EF-4B51-9BAC-B7361D049CCB}.Release|TwinCAT CE7 (ARMV7).Build.0 = Release|TwinCAT CE7 (ARMV7)
		{97B8D32E-44EF-4B51-9BAC-B7361D049CCB}.Release|TwinCAT OS (ARMT2).ActiveCfg = Release|TwinCAT OS (ARMT2)
		{97B8D32E-44EF-4B51-9BAC-B7361D049CCB}.Release|TwinCAT OS (ARMT2).Build.0 = Release|TwinCAT OS (ARMT2)
		{97B8D32E-44EF-4B51-9BAC-B7361D049CCB}.Release|TwinCAT RT (x64).ActiveCfg = Release|TwinCAT RT (x64)
		{97B8D32E-44EF-4B51-9BAC-B7361D049CCB}.Release|TwinCAT RT (x64).Build.0 = Release|TwinCAT RT (x64)
		{97B8D32E-44EF-4B51-9BAC-B7361D049CCB}.Release|TwinCAT RT (x86).ActiveCfg = Release|TwinCAT RT (x86)
		{97B8D32E-44EF-4B51-9BAC-B7361D049CCB}.Release|TwinCAT RT (x86).Build.0 = Release|TwinCAT RT (x86)
	EndGlobalSection
	GlobalSection(SolutionProperties) = preSolution
		HideSolutionNode = FALSE
	EndGlobalSection
	GlobalSection(ExtensibilityGlobals) = postSolution
		SolutionGuid = {7F772919-6D9A-46A3-99C7-1DE04A5E1951}
	EndGlobalSection
EndGlobal
